<?xml version="1.0" encoding="UTF-8"?>
<Project ToolsVersion="14.0" xmlns="http://schemas.microsoft.com/developer/msbuild/2003">
  <ItemGroup>
    <ClCompile Include="D:\Git\sysdig\userspace\libscap\scap.c">
      <Filter>Source Files</Filter>
    </ClCompile>
    <ClCompile Include="D:\Git\sysdig\userspace\libscap\scap_event.c">
      <Filter>Source Files</Filter>
    </ClCompile>
    <ClCompile Include="D:\Git\sysdig\userspace\libscap\scap_fds.c">
      <Filter>Source Files</Filter>
    </ClCompile>
    <ClCompile Include="D:\Git\sysdig\userspace\libscap\scap_iflist.c">
      <Filter>Source Files</Filter>
    </ClCompile>
    <ClCompile Include="D:\Git\sysdig\userspace\libscap\scap_savefile.c">
      <Filter>Source Files</Filter>
    </ClCompile>
    <ClCompile Include="D:\Git\sysdig\userspace\libscap\scap_procs.c">
      <Filter>Source Files</Filter>
    </ClCompile>
    <ClCompile Include="D:\Git\sysdig\userspace\libscap\scap_userlist.c">
      <Filter>Source Files</Filter>
    </ClCompile>
    <ClCompile Include="D:\Git\sysdig\userspace\libscap\flags_table.c">
      <Filter>Source Files</Filter>
    </ClCompile>
    <ClCompile Include="D:\Git\sysdig\userspace\libscap\dynamic_params_table.c">
      <Filter>Source Files</Filter>
    </ClCompile>
    <ClCompile Include="D:\Git\sysdig\userspace\libscap\event_table.c">
      <Filter>Source Files</Filter>
    </ClCompile>
    <ClCompile Include="D:\Git\sysdig\userspace\libscap\syscall_info_table.c">
      <Filter>Source Files</Filter>
    </ClCompile>
  </ItemGroup>
  <ItemGroup>
    <CustomBuild Include="D:\Git\sysdig\userspace\libscap\CMakeLists.txt" />
  </ItemGroup>
  <ItemGroup>
    <Filter Include="Source Files">
      <UniqueIdentifier>{B65E308C-01A2-3FB7-8317-610DB05CED03}</UniqueIdentifier>
    </Filter>
  </ItemGroup>
</Project>
