
Microsoft Visual Studio Solution File, Format Version 12.00
# Visual Studio 2012
Project("{8BC9CEB8-8B4A-11D0-8D11-00A0C91BC942}") = "sinsp", "libsinsp\sinsp.vcxproj", "{A45C552E-F4BA-480A-A7D3-EB1E9DDFBE6C}"
	ProjectSection(ProjectDependencies) = postProject
		{A45C5520-F4BA-480A-A7D3-EB1E9DDFBE6C} = {A45C5520-F4BA-480A-A7D3-EB1E9DDFBE6C}
	EndProjectSection
EndProject
Project("{8BC9CEB8-8B4A-11D0-8D11-00A0C91BC942}") = "scap", "libscap\scap.vcxproj", "{A45C5520-F4BA-480A-A7D3-EB1E9DDFBE6C}"
EndProject
Project("{8BC9CEB8-8B4A-11D0-8D11-00A0C91BC942}") = "sysdig", "sysdig\sysdig.vcxproj", "{BD7F8F60-0014-4800-A6B3-ABD9A5A458FD}"
	ProjectSection(ProjectDependencies) = postProject
		{A45C5520-F4BA-480A-A7D3-EB1E9DDFBE6C} = {A45C5520-F4BA-480A-A7D3-EB1E9DDFBE6C}
		{A45C552E-F4BA-480A-A7D3-EB1E9DDFBE6C} = {A45C552E-F4BA-480A-A7D3-EB1E9DDFBE6C}
	EndProjectSection
EndProject
Global
	GlobalSection(SolutionConfigurationPlatforms) = preSolution
		Debug|Win32 = Debug|Win32
		Release|Win32 = Release|Win32
	EndGlobalSection
	GlobalSection(ProjectConfigurationPlatforms) = postSolution
		{A45C552E-F4BA-480A-A7D3-EB1E9DDFBE6C}.Debug|Win32.ActiveCfg = Debug|Win32
		{A45C552E-F4BA-480A-A7D3-EB1E9DDFBE6C}.Debug|Win32.Build.0 = Debug|Win32
		{A45C552E-F4BA-480A-A7D3-EB1E9DDFBE6C}.Release|Win32.ActiveCfg = Release|Win32
		{A45C552E-F4BA-480A-A7D3-EB1E9DDFBE6C}.Release|Win32.Build.0 = Release|Win32
		{A45C5520-F4BA-480A-A7D3-EB1E9DDFBE6C}.Debug|Win32.ActiveCfg = Debug|Win32
		{A45C5520-F4BA-480A-A7D3-EB1E9DDFBE6C}.Debug|Win32.Build.0 = Debug|Win32
		{A45C5520-F4BA-480A-A7D3-EB1E9DDFBE6C}.Release|Win32.ActiveCfg = Release|Win32
		{A45C5520-F4BA-480A-A7D3-EB1E9DDFBE6C}.Release|Win32.Build.0 = Release|Win32
		{BD7F8F60-0014-4800-A6B3-ABD9A5A458FD}.Debug|Win32.ActiveCfg = Debug|Win32
		{BD7F8F60-0014-4800-A6B3-ABD9A5A458FD}.Debug|Win32.Build.0 = Debug|Win32
		{BD7F8F60-0014-4800-A6B3-ABD9A5A458FD}.Release|Win32.ActiveCfg = Release|Win32
		{BD7F8F60-0014-4800-A6B3-ABD9A5A458FD}.Release|Win32.Build.0 = Release|Win32
	EndGlobalSection
	GlobalSection(SolutionProperties) = preSolution
		HideSolutionNode = FALSE
	EndGlobalSection
EndGlobal
